// !$*UTF8*$!
{
	archiveVersion = 1;
	classes = {
	};
	objectVersion = 54;
	objects = {

/* Begin PBXBuildFile section */
		00E356F31AD99517003FC87E /* homeizTests.m in Sources */ = {isa = PBXBuildFile; fileRef = 00E356F21AD99517003FC87E /* homeizTests.m */; };
		022AB6148B2E44DCAC8EC0E0 /* NotoSansJP-Light.ttf in Resources */ = {isa = PBXBuildFile; fileRef = 98F32F9D3ECA4470A5C36C7E /* NotoSansJP-Light.ttf */; };
		06FABD19AD6F4711B3384EB2 /* NotoSansKR-Light.ttf in Resources */ = {isa = PBXBuildFile; fileRef = CBC219C04B9B455581C85A2C /* NotoSansKR-Light.ttf */; };
		1142BC860FB57310802755DB /* libPods-homeiz.a in Frameworks */ = {isa = PBXBuildFile; fileRef = 7C11C816BD49598FE0410BDA /* libPods-homeiz.a */; };
		11A2EE4EC0D84EA6A7AAEA8F /* NotoSansJP-Bold.otf in Resources */ = {isa = PBXBuildFile; fileRef = E024FD7515C1482AA4DAE5CA /* NotoSansJP-Bold.otf */; };
		13B07FBC1A68108700A75B9A /* AppDelegate.m in Sources */ = {isa = PBXBuildFile; fileRef = 13B07FB01A68108700A75B9A /* AppDelegate.m */; };
		13B07FBF1A68108700A75B9A /* Images.xcassets in Resources */ = {isa = PBXBuildFile; fileRef = 13B07FB51A68108700A75B9A /* Images.xcassets */; };
		13B07FC11A68108700A75B9A /* main.m in Sources */ = {isa = PBXBuildFile; fileRef = 13B07FB71A68108700A75B9A /* main.m */; };
		156E127B511D466481EEABA2 /* Ionicons.ttf in Resources */ = {isa = PBXBuildFile; fileRef = B5818B7ED6A840ABBAD3B39A /* Ionicons.ttf */; };
		1869CE1308C84C02A56584E0 /* Fontisto.ttf in Resources */ = {isa = PBXBuildFile; fileRef = 2F122A15CA4B40F89C91035F /* Fontisto.ttf */; };
		2AC1363DFE534E1EAC6A7F5D /* NotoSansJP-Regular.otf in Resources */ = {isa = PBXBuildFile; fileRef = 9649F0CD8D7B40D29B5687F3 /* NotoSansJP-Regular.otf */; };
		2C7D049F73714C47BB6E14E4 /* BlissPro-Bold.ttf in Resources */ = {isa = PBXBuildFile; fileRef = B68108A4E7264744BAF6E4FC /* BlissPro-Bold.ttf */; };
		33736A51E25F4EBAA21656E4 /* Zocial.ttf in Resources */ = {isa = PBXBuildFile; fileRef = 7CFC378604E445E2B8F876B4 /* Zocial.ttf */; };
		344B6DAFD62F4FF3BDF4786A /* Entypo.ttf in Resources */ = {isa = PBXBuildFile; fileRef = 700C5785830745DBA0A802A7 /* Entypo.ttf */; };
		39AFDA31D3404DAE98D89C3A /* MaterialCommunityIcons.ttf in Resources */ = {isa = PBXBuildFile; fileRef = CF9F9B5941834925A3886B33 /* MaterialCommunityIcons.ttf */; };
		53A6DD27DC0C45A9B20F4F1C /* FontAwesome5_Brands.ttf in Resources */ = {isa = PBXBuildFile; fileRef = 7A976E1D90554E5D814A5DAF /* FontAwesome5_Brands.ttf */; };
		54975C7F56DC41B7B16FBE99 /* NotoSansJP-Black.otf in Resources */ = {isa = PBXBuildFile; fileRef = 280A5814ED0C4AFB9EBD9EBA /* NotoSansJP-Black.otf */; };
		5B9AC18A826041BB91EF707C /* FontAwesome.ttf in Resources */ = {isa = PBXBuildFile; fileRef = 7A344C9DCD994D6E8C5FD5FE /* FontAwesome.ttf */; };
		5C81C1A96B9F4A6996D33DD1 /* NotoSansJP-Medium.otf in Resources */ = {isa = PBXBuildFile; fileRef = 29D28AB0D9E44234BAA9FFE4 /* NotoSansJP-Medium.otf */; };
		6398E373F75C46188F8A9213 /* MaterialIcons.ttf in Resources */ = {isa = PBXBuildFile; fileRef = BEB28B7CE8FE43E1BEFDA04C /* MaterialIcons.ttf */; };
		71AC30BA0B3F42578CD0FFDC /* NotoSansKR-Regular.ttf in Resources */ = {isa = PBXBuildFile; fileRef = 2488EC3D10B94D35A234DB89 /* NotoSansKR-Regular.ttf */; };
		73A638330E614C468C038966 /* Foundation.ttf in Resources */ = {isa = PBXBuildFile; fileRef = 133B453CCFF44092B5888304 /* Foundation.ttf */; };
		81AB9BB82411601600AC10FF /* LaunchScreen.storyboard in Resources */ = {isa = PBXBuildFile; fileRef = 81AB9BB72411601600AC10FF /* LaunchScreen.storyboard */; };
		8351CE677FA2468FBEC93E16 /* NotoSansKR-Thin.ttf in Resources */ = {isa = PBXBuildFile; fileRef = BD97A7AFFD114FC493E11CF7 /* NotoSansKR-Thin.ttf */; };
		869AFA2136A7448D8F386300 /* NotoSansKR-Bold.ttf in Resources */ = {isa = PBXBuildFile; fileRef = 668F05919BA4470D9315D92C /* NotoSansKR-Bold.ttf */; };
		8E7C6BA72EC6428EB7A02B96 /* AntDesign.ttf in Resources */ = {isa = PBXBuildFile; fileRef = 672BA8B5E2784E699E69ECF2 /* AntDesign.ttf */; };
		92112A2D2BD0C0E3FD76FCBA /* libPods-homeiz-homeizTests.a in Frameworks */ = {isa = PBXBuildFile; fileRef = 95427CBBE0C7968A55EB4D37 /* libPods-homeiz-homeizTests.a */; };
		9DFB12BB83D343AC85622841 /* NotoSansJP-Thin.otf in Resources */ = {isa = PBXBuildFile; fileRef = 29CD2D0595C74253A9C6666A /* NotoSansJP-Thin.otf */; };
		9E30C1825CFC4F9A82D78A40 /* FontAwesome5_Regular.ttf in Resources */ = {isa = PBXBuildFile; fileRef = BBC5501513AC4384831F987C /* FontAwesome5_Regular.ttf */; };
		B66E9E09A6E9484C9EFF0476 /* NotoSansKR-Medium.ttf in Resources */ = {isa = PBXBuildFile; fileRef = BE23919741B441309BD4E483 /* NotoSansKR-Medium.ttf */; };
		C64BF9843B6D4C6D99AE5CF9 /* Octicons.ttf in Resources */ = {isa = PBXBuildFile; fileRef = 86BFC23BFF1D45BDABAE36E0 /* Octicons.ttf */; };
		DEC3E32D467A4F869F3F3276 /* NotoSansKR-Black.ttf in Resources */ = {isa = PBXBuildFile; fileRef = EFD69DDB9CCF4B97820FE708 /* NotoSansKR-Black.ttf */; };
		E2F513D5A8D845A39ABCAAA8 /* SimpleLineIcons.ttf in Resources */ = {isa = PBXBuildFile; fileRef = B5AB7FD56798401CB5BAD43D /* SimpleLineIcons.ttf */; };
		E69EB369ECAA4F959EA28686 /* EvilIcons.ttf in Resources */ = {isa = PBXBuildFile; fileRef = AD05BF6312FF4BABAE3E1257 /* EvilIcons.ttf */; };
		E7A8665537CB40979A552850 /* FontAwesome5_Solid.ttf in Resources */ = {isa = PBXBuildFile; fileRef = D8C10186A34B45368A44B523 /* FontAwesome5_Solid.ttf */; };
		ECE6CD564D7F46F297A30311 /* Feather.ttf in Resources */ = {isa = PBXBuildFile; fileRef = 865F8695D689483892D0052E /* Feather.ttf */; };
		F06387F19612459F831BC64A /* BlissPro.ttf in Resources */ = {isa = PBXBuildFile; fileRef = 7B10FC883CE5461C8FADE02A /* BlissPro.ttf */; };
/* End PBXBuildFile section */

/* Begin PBXContainerItemProxy section */
		00E356F41AD99517003FC87E /* PBXContainerItemProxy */ = {
			isa = PBXContainerItemProxy;
			containerPortal = 83CBB9F71A601CBA00E9B192 /* Project object */;
			proxyType = 1;
			remoteGlobalIDString = 13B07F861A680F5B00A75B9A;
			remoteInfo = homeiz;
		};
/* End PBXContainerItemProxy section */

/* Begin PBXFileReference section */
		00E356EE1AD99517003FC87E /* homeizTests.xctest */ = {isa = PBXFileReference; explicitFileType = wrapper.cfbundle; includeInIndex = 0; path = homeizTests.xctest; sourceTree = BUILT_PRODUCTS_DIR; };
		00E356F11AD99517003FC87E /* Info.plist */ = {isa = PBXFileReference; lastKnownFileType = text.plist.xml; path = Info.plist; sourceTree = "<group>"; };
		00E356F21AD99517003FC87E /* homeizTests.m */ = {isa = PBXFileReference; lastKnownFileType = sourcecode.c.objc; path = homeizTests.m; sourceTree = "<group>"; };
		133B453CCFF44092B5888304 /* Foundation.ttf */ = {isa = PBXFileReference; explicitFileType = undefined; fileEncoding = undefined; includeInIndex = 0; lastKnownFileType = unknown; name = Foundation.ttf; path = "../node_modules/react-native-vector-icons/Fonts/Foundation.ttf"; sourceTree = "<group>"; };
		13B07F961A680F5B00A75B9A /* homeiz.app */ = {isa = PBXFileReference; explicitFileType = wrapper.application; includeInIndex = 0; path = homeiz.app; sourceTree = BUILT_PRODUCTS_DIR; };
		13B07FAF1A68108700A75B9A /* AppDelegate.h */ = {isa = PBXFileReference; fileEncoding = 4; lastKnownFileType = sourcecode.c.h; name = AppDelegate.h; path = homeiz/AppDelegate.h; sourceTree = "<group>"; };
		13B07FB01A68108700A75B9A /* AppDelegate.m */ = {isa = PBXFileReference; fileEncoding = 4; lastKnownFileType = sourcecode.c.objc; name = AppDelegate.m; path = homeiz/AppDelegate.m; sourceTree = "<group>"; };
		13B07FB51A68108700A75B9A /* Images.xcassets */ = {isa = PBXFileReference; lastKnownFileType = folder.assetcatalog; name = Images.xcassets; path = homeiz/Images.xcassets; sourceTree = "<group>"; };
		13B07FB61A68108700A75B9A /* Info.plist */ = {isa = PBXFileReference; fileEncoding = 4; lastKnownFileType = text.plist.xml; name = Info.plist; path = homeiz/Info.plist; sourceTree = "<group>"; };
		13B07FB71A68108700A75B9A /* main.m */ = {isa = PBXFileReference; fileEncoding = 4; lastKnownFileType = sourcecode.c.objc; name = main.m; path = homeiz/main.m; sourceTree = "<group>"; };
		2488EC3D10B94D35A234DB89 /* NotoSansKR-Regular.ttf */ = {isa = PBXFileReference; explicitFileType = undefined; fileEncoding = undefined; includeInIndex = 0; lastKnownFileType = unknown; name = "NotoSansKR-Regular.ttf"; path = "../assets/fonts/NotoSansKR-Regular.ttf"; sourceTree = "<group>"; };
		280A5814ED0C4AFB9EBD9EBA /* NotoSansJP-Black.otf */ = {isa = PBXFileReference; explicitFileType = undefined; fileEncoding = undefined; includeInIndex = 0; lastKnownFileType = unknown; name = "NotoSansJP-Black.otf"; path = "../assets/fonts/NotoSansJP-Black.otf"; sourceTree = "<group>"; };
		29CD2D0595C74253A9C6666A /* NotoSansJP-Thin.otf */ = {isa = PBXFileReference; explicitFileType = undefined; fileEncoding = undefined; includeInIndex = 0; lastKnownFileType = unknown; name = "NotoSansJP-Thin.otf"; path = "../assets/fonts/NotoSansJP-Thin.otf"; sourceTree = "<group>"; };
		29D28AB0D9E44234BAA9FFE4 /* NotoSansJP-Medium.otf */ = {isa = PBXFileReference; explicitFileType = undefined; fileEncoding = undefined; includeInIndex = 0; lastKnownFileType = unknown; name = "NotoSansJP-Medium.otf"; path = "../assets/fonts/NotoSansJP-Medium.otf"; sourceTree = "<group>"; };
		2F122A15CA4B40F89C91035F /* Fontisto.ttf */ = {isa = PBXFileReference; explicitFileType = undefined; fileEncoding = undefined; includeInIndex = 0; lastKnownFileType = unknown; name = Fontisto.ttf; path = "../node_modules/react-native-vector-icons/Fonts/Fontisto.ttf"; sourceTree = "<group>"; };
		316E26AE4BBB4D78F1B18529 /* Pods-homeiz-homeizTests.debug.xcconfig */ = {isa = PBXFileReference; includeInIndex = 1; lastKnownFileType = text.xcconfig; name = "Pods-homeiz-homeizTests.debug.xcconfig"; path = "Target Support Files/Pods-homeiz-homeizTests/Pods-homeiz-homeizTests.debug.xcconfig"; sourceTree = "<group>"; };
		48CCC2825DD31068C157FF22 /* Pods-homeiz-homeizTests.release.xcconfig */ = {isa = PBXFileReference; includeInIndex = 1; lastKnownFileType = text.xcconfig; name = "Pods-homeiz-homeizTests.release.xcconfig"; path = "Target Support Files/Pods-homeiz-homeizTests/Pods-homeiz-homeizTests.release.xcconfig"; sourceTree = "<group>"; };
		668F05919BA4470D9315D92C /* NotoSansKR-Bold.ttf */ = {isa = PBXFileReference; explicitFileType = undefined; fileEncoding = undefined; includeInIndex = 0; lastKnownFileType = unknown; name = "NotoSansKR-Bold.ttf"; path = "../assets/fonts/NotoSansKR-Bold.ttf"; sourceTree = "<group>"; };
		672BA8B5E2784E699E69ECF2 /* AntDesign.ttf */ = {isa = PBXFileReference; explicitFileType = undefined; fileEncoding = undefined; includeInIndex = 0; lastKnownFileType = unknown; name = AntDesign.ttf; path = "../node_modules/react-native-vector-icons/Fonts/AntDesign.ttf"; sourceTree = "<group>"; };
		700C5785830745DBA0A802A7 /* Entypo.ttf */ = {isa = PBXFileReference; explicitFileType = undefined; fileEncoding = undefined; includeInIndex = 0; lastKnownFileType = unknown; name = Entypo.ttf; path = "../node_modules/react-native-vector-icons/Fonts/Entypo.ttf"; sourceTree = "<group>"; };
		7A344C9DCD994D6E8C5FD5FE /* FontAwesome.ttf */ = {isa = PBXFileReference; explicitFileType = undefined; fileEncoding = undefined; includeInIndex = 0; lastKnownFileType = unknown; name = FontAwesome.ttf; path = "../node_modules/react-native-vector-icons/Fonts/FontAwesome.ttf"; sourceTree = "<group>"; };
		7A976E1D90554E5D814A5DAF /* FontAwesome5_Brands.ttf */ = {isa = PBXFileReference; explicitFileType = undefined; fileEncoding = undefined; includeInIndex = 0; lastKnownFileType = unknown; name = FontAwesome5_Brands.ttf; path = "../node_modules/react-native-vector-icons/Fonts/FontAwesome5_Brands.ttf"; sourceTree = "<group>"; };
		7B10FC883CE5461C8FADE02A /* BlissPro.ttf */ = {isa = PBXFileReference; explicitFileType = undefined; fileEncoding = undefined; includeInIndex = 0; lastKnownFileType = unknown; name = BlissPro.ttf; path = ../assets/fonts/BlissPro.ttf; sourceTree = "<group>"; };
		7C11C816BD49598FE0410BDA /* libPods-homeiz.a */ = {isa = PBXFileReference; explicitFileType = archive.ar; includeInIndex = 0; path = "libPods-homeiz.a"; sourceTree = BUILT_PRODUCTS_DIR; };
		7CFC378604E445E2B8F876B4 /* Zocial.ttf */ = {isa = PBXFileReference; explicitFileType = undefined; fileEncoding = undefined; includeInIndex = 0; lastKnownFileType = unknown; name = Zocial.ttf; path = "../node_modules/react-native-vector-icons/Fonts/Zocial.ttf"; sourceTree = "<group>"; };
		81AB9BB72411601600AC10FF /* LaunchScreen.storyboard */ = {isa = PBXFileReference; fileEncoding = 4; lastKnownFileType = file.storyboard; name = LaunchScreen.storyboard; path = homeiz/LaunchScreen.storyboard; sourceTree = "<group>"; };
		839283AE065249BD831354F5 /* Pods-homeiz.release.xcconfig */ = {isa = PBXFileReference; includeInIndex = 1; lastKnownFileType = text.xcconfig; name = "Pods-homeiz.release.xcconfig"; path = "Target Support Files/Pods-homeiz/Pods-homeiz.release.xcconfig"; sourceTree = "<group>"; };
		865F8695D689483892D0052E /* Feather.ttf */ = {isa = PBXFileReference; explicitFileType = undefined; fileEncoding = undefined; includeInIndex = 0; lastKnownFileType = unknown; name = Feather.ttf; path = "../node_modules/react-native-vector-icons/Fonts/Feather.ttf"; sourceTree = "<group>"; };
		86BFC23BFF1D45BDABAE36E0 /* Octicons.ttf */ = {isa = PBXFileReference; explicitFileType = undefined; fileEncoding = undefined; includeInIndex = 0; lastKnownFileType = unknown; name = Octicons.ttf; path = "../node_modules/react-native-vector-icons/Fonts/Octicons.ttf"; sourceTree = "<group>"; };
		95427CBBE0C7968A55EB4D37 /* libPods-homeiz-homeizTests.a */ = {isa = PBXFileReference; explicitFileType = archive.ar; includeInIndex = 0; path = "libPods-homeiz-homeizTests.a"; sourceTree = BUILT_PRODUCTS_DIR; };
		9649F0CD8D7B40D29B5687F3 /* NotoSansJP-Regular.otf */ = {isa = PBXFileReference; explicitFileType = undefined; fileEncoding = undefined; includeInIndex = 0; lastKnownFileType = unknown; name = "NotoSansJP-Regular.otf"; path = "../assets/fonts/NotoSansJP-Regular.otf"; sourceTree = "<group>"; };
		98F32F9D3ECA4470A5C36C7E /* NotoSansJP-Light.ttf */ = {isa = PBXFileReference; explicitFileType = undefined; fileEncoding = undefined; includeInIndex = 0; lastKnownFileType = unknown; name = "NotoSansJP-Light.ttf"; path = "../assets/fonts/NotoSansJP-Light.ttf"; sourceTree = "<group>"; };
		AD05BF6312FF4BABAE3E1257 /* EvilIcons.ttf */ = {isa = PBXFileReference; explicitFileType = undefined; fileEncoding = undefined; includeInIndex = 0; lastKnownFileType = unknown; name = EvilIcons.ttf; path = "../node_modules/react-native-vector-icons/Fonts/EvilIcons.ttf"; sourceTree = "<group>"; };
		B5818B7ED6A840ABBAD3B39A /* Ionicons.ttf */ = {isa = PBXFileReference; explicitFileType = undefined; fileEncoding = undefined; includeInIndex = 0; lastKnownFileType = unknown; name = Ionicons.ttf; path = "../node_modules/react-native-vector-icons/Fonts/Ionicons.ttf"; sourceTree = "<group>"; };
		B5AB7FD56798401CB5BAD43D /* SimpleLineIcons.ttf */ = {isa = PBXFileReference; explicitFileType = undefined; fileEncoding = undefined; includeInIndex = 0; lastKnownFileType = unknown; name = SimpleLineIcons.ttf; path = "../node_modules/react-native-vector-icons/Fonts/SimpleLineIcons.ttf"; sourceTree = "<group>"; };
		B68108A4E7264744BAF6E4FC /* BlissPro-Bold.ttf */ = {isa = PBXFileReference; explicitFileType = undefined; fileEncoding = undefined; includeInIndex = 0; lastKnownFileType = unknown; name = "BlissPro-Bold.ttf"; path = "../assets/fonts/BlissPro-Bold.ttf"; sourceTree = "<group>"; };
		BBC5501513AC4384831F987C /* FontAwesome5_Regular.ttf */ = {isa = PBXFileReference; explicitFileType = undefined; fileEncoding = undefined; includeInIndex = 0; lastKnownFileType = unknown; name = FontAwesome5_Regular.ttf; path = "../node_modules/react-native-vector-icons/Fonts/FontAwesome5_Regular.ttf"; sourceTree = "<group>"; };
		BD97A7AFFD114FC493E11CF7 /* NotoSansKR-Thin.ttf */ = {isa = PBXFileReference; explicitFileType = undefined; fileEncoding = undefined; includeInIndex = 0; lastKnownFileType = unknown; name = "NotoSansKR-Thin.ttf"; path = "../assets/fonts/NotoSansKR-Thin.ttf"; sourceTree = "<group>"; };
		BE23919741B441309BD4E483 /* NotoSansKR-Medium.ttf */ = {isa = PBXFileReference; explicitFileType = undefined; fileEncoding = undefined; includeInIndex = 0; lastKnownFileType = unknown; name = "NotoSansKR-Medium.ttf"; path = "../assets/fonts/NotoSansKR-Medium.ttf"; sourceTree = "<group>"; };
		BEB28B7CE8FE43E1BEFDA04C /* MaterialIcons.ttf */ = {isa = PBXFileReference; explicitFileType = undefined; fileEncoding = undefined; includeInIndex = 0; lastKnownFileType = unknown; name = MaterialIcons.ttf; path = "../node_modules/react-native-vector-icons/Fonts/MaterialIcons.ttf"; sourceTree = "<group>"; };
		BEBC894450D3EC3B614FC1B9 /* Pods-homeiz.debug.xcconfig */ = {isa = PBXFileReference; includeInIndex = 1; lastKnownFileType = text.xcconfig; name = "Pods-homeiz.debug.xcconfig"; path = "Target Support Files/Pods-homeiz/Pods-homeiz.debug.xcconfig"; sourceTree = "<group>"; };
		CBC219C04B9B455581C85A2C /* NotoSansKR-Light.ttf */ = {isa = PBXFileReference; explicitFileType = undefined; fileEncoding = undefined; includeInIndex = 0; lastKnownFileType = unknown; name = "NotoSansKR-Light.ttf"; path = "../assets/fonts/NotoSansKR-Light.ttf"; sourceTree = "<group>"; };
		CF9F9B5941834925A3886B33 /* MaterialCommunityIcons.ttf */ = {isa = PBXFileReference; explicitFileType = undefined; fileEncoding = undefined; includeInIndex = 0; lastKnownFileType = unknown; name = MaterialCommunityIcons.ttf; path = "../node_modules/react-native-vector-icons/Fonts/MaterialCommunityIcons.ttf"; sourceTree = "<group>"; };
		D8C10186A34B45368A44B523 /* FontAwesome5_Solid.ttf */ = {isa = PBXFileReference; explicitFileType = undefined; fileEncoding = undefined; includeInIndex = 0; lastKnownFileType = unknown; name = FontAwesome5_Solid.ttf; path = "../node_modules/react-native-vector-icons/Fonts/FontAwesome5_Solid.ttf"; sourceTree = "<group>"; };
		E024FD7515C1482AA4DAE5CA /* NotoSansJP-Bold.otf */ = {isa = PBXFileReference; explicitFileType = undefined; fileEncoding = undefined; includeInIndex = 0; lastKnownFileType = unknown; name = "NotoSansJP-Bold.otf"; path = "../assets/fonts/NotoSansJP-Bold.otf"; sourceTree = "<group>"; };
		ED297162215061F000B7C4FE /* JavaScriptCore.framework */ = {isa = PBXFileReference; lastKnownFileType = wrapper.framework; name = JavaScriptCore.framework; path = System/Library/Frameworks/JavaScriptCore.framework; sourceTree = SDKROOT; };
		EFD69DDB9CCF4B97820FE708 /* NotoSansKR-Black.ttf */ = {isa = PBXFileReference; explicitFileType = undefined; fileEncoding = undefined; includeInIndex = 0; lastKnownFileType = unknown; name = "NotoSansKR-Black.ttf"; path = "../assets/fonts/NotoSansKR-Black.ttf"; sourceTree = "<group>"; };
/* End PBXFileReference section */

/* Begin PBXFrameworksBuildPhase section */
		00E356EB1AD99517003FC87E /* Frameworks */ = {
			isa = PBXFrameworksBuildPhase;
			buildActionMask = 2147483647;
			files = (
				92112A2D2BD0C0E3FD76FCBA /* libPods-homeiz-homeizTests.a in Frameworks */,
			);
			runOnlyForDeploymentPostprocessing = 0;
		};
		13B07F8C1A680F5B00A75B9A /* Frameworks */ = {
			isa = PBXFrameworksBuildPhase;
			buildActionMask = 2147483647;
			files = (
				1142BC860FB57310802755DB /* libPods-homeiz.a in Frameworks */,
			);
			runOnlyForDeploymentPostprocessing = 0;
		};
/* End PBXFrameworksBuildPhase section */

/* Begin PBXGroup section */
		00E356EF1AD99517003FC87E /* homeizTests */ = {
			isa = PBXGroup;
			children = (
				00E356F21AD99517003FC87E /* homeizTests.m */,
				00E356F01AD99517003FC87E /* Supporting Files */,
			);
			path = homeizTests;
			sourceTree = "<group>";
		};
		00E356F01AD99517003FC87E /* Supporting Files */ = {
			isa = PBXGroup;
			children = (
				00E356F11AD99517003FC87E /* Info.plist */,
			);
			name = "Supporting Files";
			sourceTree = "<group>";
		};
		13B07FAE1A68108700A75B9A /* homeiz */ = {
			isa = PBXGroup;
			children = (
				13B07FAF1A68108700A75B9A /* AppDelegate.h */,
				13B07FB01A68108700A75B9A /* AppDelegate.m */,
				13B07FB51A68108700A75B9A /* Images.xcassets */,
				13B07FB61A68108700A75B9A /* Info.plist */,
				81AB9BB72411601600AC10FF /* LaunchScreen.storyboard */,
				13B07FB71A68108700A75B9A /* main.m */,
			);
			name = homeiz;
			sourceTree = "<group>";
		};
		2D16E6871FA4F8E400B85C8A /* Frameworks */ = {
			isa = PBXGroup;
			children = (
				ED297162215061F000B7C4FE /* JavaScriptCore.framework */,
				7C11C816BD49598FE0410BDA /* libPods-homeiz.a */,
				95427CBBE0C7968A55EB4D37 /* libPods-homeiz-homeizTests.a */,
			);
			name = Frameworks;
			sourceTree = "<group>";
		};
		6581E57896888A8E1173F76E /* Pods */ = {
			isa = PBXGroup;
			children = (
				BEBC894450D3EC3B614FC1B9 /* Pods-homeiz.debug.xcconfig */,
				839283AE065249BD831354F5 /* Pods-homeiz.release.xcconfig */,
				316E26AE4BBB4D78F1B18529 /* Pods-homeiz-homeizTests.debug.xcconfig */,
				48CCC2825DD31068C157FF22 /* Pods-homeiz-homeizTests.release.xcconfig */,
			);
			name = Pods;
			path = Pods;
			sourceTree = "<group>";
		};
		832341AE1AAA6A7D00B99B32 /* Libraries */ = {
			isa = PBXGroup;
			children = (
			);
			name = Libraries;
			sourceTree = "<group>";
		};
		83CBB9F61A601CBA00E9B192 = {
			isa = PBXGroup;
			children = (
				13B07FAE1A68108700A75B9A /* homeiz */,
				832341AE1AAA6A7D00B99B32 /* Libraries */,
				00E356EF1AD99517003FC87E /* homeizTests */,
				83CBBA001A601CBA00E9B192 /* Products */,
				2D16E6871FA4F8E400B85C8A /* Frameworks */,
				6581E57896888A8E1173F76E /* Pods */,
				CF5B04810038487BAFFF8336 /* Resources */,
			);
			indentWidth = 2;
			sourceTree = "<group>";
			tabWidth = 2;
			usesTabs = 0;
		};
		83CBBA001A601CBA00E9B192 /* Products */ = {
			isa = PBXGroup;
			children = (
				13B07F961A680F5B00A75B9A /* homeiz.app */,
				00E356EE1AD99517003FC87E /* homeizTests.xctest */,
			);
			name = Products;
			sourceTree = "<group>";
		};
		CF5B04810038487BAFFF8336 /* Resources */ = {
			isa = PBXGroup;
			children = (
				B68108A4E7264744BAF6E4FC /* BlissPro-Bold.ttf */,
				7B10FC883CE5461C8FADE02A /* BlissPro.ttf */,
				280A5814ED0C4AFB9EBD9EBA /* NotoSansJP-Black.otf */,
				E024FD7515C1482AA4DAE5CA /* NotoSansJP-Bold.otf */,
				98F32F9D3ECA4470A5C36C7E /* NotoSansJP-Light.ttf */,
				29D28AB0D9E44234BAA9FFE4 /* NotoSansJP-Medium.otf */,
				9649F0CD8D7B40D29B5687F3 /* NotoSansJP-Regular.otf */,
				29CD2D0595C74253A9C6666A /* NotoSansJP-Thin.otf */,
				EFD69DDB9CCF4B97820FE708 /* NotoSansKR-Black.ttf */,
				668F05919BA4470D9315D92C /* NotoSansKR-Bold.ttf */,
				CBC219C04B9B455581C85A2C /* NotoSansKR-Light.ttf */,
				BE23919741B441309BD4E483 /* NotoSansKR-Medium.ttf */,
				2488EC3D10B94D35A234DB89 /* NotoSansKR-Regular.ttf */,
				BD97A7AFFD114FC493E11CF7 /* NotoSansKR-Thin.ttf */,
				672BA8B5E2784E699E69ECF2 /* AntDesign.ttf */,
				700C5785830745DBA0A802A7 /* Entypo.ttf */,
				AD05BF6312FF4BABAE3E1257 /* EvilIcons.ttf */,
				865F8695D689483892D0052E /* Feather.ttf */,
				7A344C9DCD994D6E8C5FD5FE /* FontAwesome.ttf */,
				7A976E1D90554E5D814A5DAF /* FontAwesome5_Brands.ttf */,
				BBC5501513AC4384831F987C /* FontAwesome5_Regular.ttf */,
				D8C10186A34B45368A44B523 /* FontAwesome5_Solid.ttf */,
				2F122A15CA4B40F89C91035F /* Fontisto.ttf */,
				133B453CCFF44092B5888304 /* Foundation.ttf */,
				B5818B7ED6A840ABBAD3B39A /* Ionicons.ttf */,
				CF9F9B5941834925A3886B33 /* MaterialCommunityIcons.ttf */,
				BEB28B7CE8FE43E1BEFDA04C /* MaterialIcons.ttf */,
				86BFC23BFF1D45BDABAE36E0 /* Octicons.ttf */,
				B5AB7FD56798401CB5BAD43D /* SimpleLineIcons.ttf */,
				7CFC378604E445E2B8F876B4 /* Zocial.ttf */,
			);
			name = Resources;
			path = "";
			sourceTree = "<group>";
		};
/* End PBXGroup section */

/* Begin PBXNativeTarget section */
		00E356ED1AD99517003FC87E /* homeizTests */ = {
			isa = PBXNativeTarget;
			buildConfigurationList = 00E357021AD99517003FC87E /* Build configuration list for PBXNativeTarget "homeizTests" */;
			buildPhases = (
				62601CEEEE9D7A40C283A7CE /* [CP] Check Pods Manifest.lock */,
				00E356EA1AD99517003FC87E /* Sources */,
				00E356EB1AD99517003FC87E /* Frameworks */,
				00E356EC1AD99517003FC87E /* Resources */,
				15305EEE4F56FE672077CC59 /* [CP] Embed Pods Frameworks */,
				FAEB926DE34111AC48324063 /* [CP] Copy Pods Resources */,
			);
			buildRules = (
			);
			dependencies = (
				00E356F51AD99517003FC87E /* PBXTargetDependency */,
			);
			name = homeizTests;
			productName = homeizTests;
			productReference = 00E356EE1AD99517003FC87E /* homeizTests.xctest */;
			productType = "com.apple.product-type.bundle.unit-test";
		};
		13B07F861A680F5B00A75B9A /* homeiz */ = {
			isa = PBXNativeTarget;
			buildConfigurationList = 13B07F931A680F5B00A75B9A /* Build configuration list for PBXNativeTarget "homeiz" */;
			buildPhases = (
				E63E1B7AB49CD143D797E85F /* [CP] Check Pods Manifest.lock */,
				FD10A7F022414F080027D42C /* Start Packager */,
				13B07F871A680F5B00A75B9A /* Sources */,
				13B07F8C1A680F5B00A75B9A /* Frameworks */,
				13B07F8E1A680F5B00A75B9A /* Resources */,
				00DD1BFF1BD5951E006B06BC /* Bundle React Native code and images */,
				1DF23E13F84CEFD2BAE9D859 /* [CP] Embed Pods Frameworks */,
				F8A5688B95AC07A998E89945 /* [CP] Copy Pods Resources */,
			);
			buildRules = (
			);
			dependencies = (
			);
			name = homeiz;
			productName = homeiz;
			productReference = 13B07F961A680F5B00A75B9A /* homeiz.app */;
			productType = "com.apple.product-type.application";
		};
/* End PBXNativeTarget section */

/* Begin PBXProject section */
		83CBB9F71A601CBA00E9B192 /* Project object */ = {
			isa = PBXProject;
			attributes = {
				LastUpgradeCheck = 1210;
				TargetAttributes = {
					00E356ED1AD99517003FC87E = {
						CreatedOnToolsVersion = 6.2;
						TestTargetID = 13B07F861A680F5B00A75B9A;
					};
					13B07F861A680F5B00A75B9A = {
						LastSwiftMigration = 1120;
					};
				};
			};
			buildConfigurationList = 83CBB9FA1A601CBA00E9B192 /* Build configuration list for PBXProject "homeiz" */;
			compatibilityVersion = "Xcode 12.0";
			developmentRegion = en;
			hasScannedForEncodings = 0;
			knownRegions = (
				en,
				Base,
			);
			mainGroup = 83CBB9F61A601CBA00E9B192;
			productRefGroup = 83CBBA001A601CBA00E9B192 /* Products */;
			projectDirPath = "";
			projectRoot = "";
			targets = (
				13B07F861A680F5B00A75B9A /* homeiz */,
				00E356ED1AD99517003FC87E /* homeizTests */,
			);
		};
/* End PBXProject section */

/* Begin PBXResourcesBuildPhase section */
		00E356EC1AD99517003FC87E /* Resources */ = {
			isa = PBXResourcesBuildPhase;
			buildActionMask = 2147483647;
			files = (
			);
			runOnlyForDeploymentPostprocessing = 0;
		};
		13B07F8E1A680F5B00A75B9A /* Resources */ = {
			isa = PBXResourcesBuildPhase;
			buildActionMask = 2147483647;
			files = (
				81AB9BB82411601600AC10FF /* LaunchScreen.storyboard in Resources */,
				13B07FBF1A68108700A75B9A /* Images.xcassets in Resources */,
				2C7D049F73714C47BB6E14E4 /* BlissPro-Bold.ttf in Resources */,
				F06387F19612459F831BC64A /* BlissPro.ttf in Resources */,
				54975C7F56DC41B7B16FBE99 /* NotoSansJP-Black.otf in Resources */,
				11A2EE4EC0D84EA6A7AAEA8F /* NotoSansJP-Bold.otf in Resources */,
				022AB6148B2E44DCAC8EC0E0 /* NotoSansJP-Light.ttf in Resources */,
				5C81C1A96B9F4A6996D33DD1 /* NotoSansJP-Medium.otf in Resources */,
				2AC1363DFE534E1EAC6A7F5D /* NotoSansJP-Regular.otf in Resources */,
				9DFB12BB83D343AC85622841 /* NotoSansJP-Thin.otf in Resources */,
				DEC3E32D467A4F869F3F3276 /* NotoSansKR-Black.ttf in Resources */,
				869AFA2136A7448D8F386300 /* NotoSansKR-Bold.ttf in Resources */,
				06FABD19AD6F4711B3384EB2 /* NotoSansKR-Light.ttf in Resources */,
				B66E9E09A6E9484C9EFF0476 /* NotoSansKR-Medium.ttf in Resources */,
				71AC30BA0B3F42578CD0FFDC /* NotoSansKR-Regular.ttf in Resources */,
				8351CE677FA2468FBEC93E16 /* NotoSansKR-Thin.ttf in Resources */,
				8E7C6BA72EC6428EB7A02B96 /* AntDesign.ttf in Resources */,
				344B6DAFD62F4FF3BDF4786A /* Entypo.ttf in Resources */,
				E69EB369ECAA4F959EA28686 /* EvilIcons.ttf in Resources */,
				ECE6CD564D7F46F297A30311 /* Feather.ttf in Resources */,
				5B9AC18A826041BB91EF707C /* FontAwesome.ttf in Resources */,
				53A6DD27DC0C45A9B20F4F1C /* FontAwesome5_Brands.ttf in Resources */,
				9E30C1825CFC4F9A82D78A40 /* FontAwesome5_Regular.ttf in Resources */,
				E7A8665537CB40979A552850 /* FontAwesome5_Solid.ttf in Resources */,
				1869CE1308C84C02A56584E0 /* Fontisto.ttf in Resources */,
				73A638330E614C468C038966 /* Foundation.ttf in Resources */,
				156E127B511D466481EEABA2 /* Ionicons.ttf in Resources */,
				39AFDA31D3404DAE98D89C3A /* MaterialCommunityIcons.ttf in Resources */,
				6398E373F75C46188F8A9213 /* MaterialIcons.ttf in Resources */,
				C64BF9843B6D4C6D99AE5CF9 /* Octicons.ttf in Resources */,
				E2F513D5A8D845A39ABCAAA8 /* SimpleLineIcons.ttf in Resources */,
				33736A51E25F4EBAA21656E4 /* Zocial.ttf in Resources */,
			);
			runOnlyForDeploymentPostprocessing = 0;
		};
/* End PBXResourcesBuildPhase section */

/* Begin PBXShellScriptBuildPhase section */
		00DD1BFF1BD5951E006B06BC /* Bundle React Native code and images */ = {
			isa = PBXShellScriptBuildPhase;
			buildActionMask = 2147483647;
			files = (
			);
			inputPaths = (
			);
			name = "Bundle React Native code and images";
			outputPaths = (
			);
			runOnlyForDeploymentPostprocessing = 0;
			shellPath = /bin/sh;
			shellScript = "set -e\n\nexport NODE_BINARY=node\n../node_modules/react-native/scripts/react-native-xcode.sh\n";
		};
		15305EEE4F56FE672077CC59 /* [CP] Embed Pods Frameworks */ = {
			isa = PBXShellScriptBuildPhase;
			buildActionMask = 2147483647;
			files = (
			);
			inputFileListPaths = (
				"${PODS_ROOT}/Target Support Files/Pods-homeiz-homeizTests/Pods-homeiz-homeizTests-frameworks-${CONFIGURATION}-input-files.xcfilelist",
			);
			name = "[CP] Embed Pods Frameworks";
			outputFileListPaths = (
				"${PODS_ROOT}/Target Support Files/Pods-homeiz-homeizTests/Pods-homeiz-homeizTests-frameworks-${CONFIGURATION}-output-files.xcfilelist",
			);
			runOnlyForDeploymentPostprocessing = 0;
			shellPath = /bin/sh;
			shellScript = "\"${PODS_ROOT}/Target Support Files/Pods-homeiz-homeizTests/Pods-homeiz-homeizTests-frameworks.sh\"\n";
			showEnvVarsInLog = 0;
		};
		1DF23E13F84CEFD2BAE9D859 /* [CP] Embed Pods Frameworks */ = {
			isa = PBXShellScriptBuildPhase;
			buildActionMask = 2147483647;
			files = (
			);
			inputFileListPaths = (
				"${PODS_ROOT}/Target Support Files/Pods-homeiz/Pods-homeiz-frameworks-${CONFIGURATION}-input-files.xcfilelist",
			);
			name = "[CP] Embed Pods Frameworks";
			outputFileListPaths = (
				"${PODS_ROOT}/Target Support Files/Pods-homeiz/Pods-homeiz-frameworks-${CONFIGURATION}-output-files.xcfilelist",
			);
			runOnlyForDeploymentPostprocessing = 0;
			shellPath = /bin/sh;
			shellScript = "\"${PODS_ROOT}/Target Support Files/Pods-homeiz/Pods-homeiz-frameworks.sh\"\n";
			showEnvVarsInLog = 0;
		};
		62601CEEEE9D7A40C283A7CE /* [CP] Check Pods Manifest.lock */ = {
			isa = PBXShellScriptBuildPhase;
			buildActionMask = 2147483647;
			files = (
			);
			inputFileListPaths = (
			);
			inputPaths = (
				"${PODS_PODFILE_DIR_PATH}/Podfile.lock",
				"${PODS_ROOT}/Manifest.lock",
			);
			name = "[CP] Check Pods Manifest.lock";
			outputFileListPaths = (
			);
			outputPaths = (
				"$(DERIVED_FILE_DIR)/Pods-homeiz-homeizTests-checkManifestLockResult.txt",
			);
			runOnlyForDeploymentPostprocessing = 0;
			shellPath = /bin/sh;
			shellScript = "diff \"${PODS_PODFILE_DIR_PATH}/Podfile.lock\" \"${PODS_ROOT}/Manifest.lock\" > /dev/null\nif [ $? != 0 ] ; then\n    # print error to STDERR\n    echo \"error: The sandbox is not in sync with the Podfile.lock. Run 'pod install' or update your CocoaPods installation.\" >&2\n    exit 1\nfi\n# This output is used by Xcode 'outputs' to avoid re-running this script phase.\necho \"SUCCESS\" > \"${SCRIPT_OUTPUT_FILE_0}\"\n";
			showEnvVarsInLog = 0;
		};
		E63E1B7AB49CD143D797E85F /* [CP] Check Pods Manifest.lock */ = {
			isa = PBXShellScriptBuildPhase;
			buildActionMask = 2147483647;
			files = (
			);
			inputFileListPaths = (
			);
			inputPaths = (
				"${PODS_PODFILE_DIR_PATH}/Podfile.lock",
				"${PODS_ROOT}/Manifest.lock",
			);
			name = "[CP] Check Pods Manifest.lock";
			outputFileListPaths = (
			);
			outputPaths = (
				"$(DERIVED_FILE_DIR)/Pods-homeiz-checkManifestLockResult.txt",
			);
			runOnlyForDeploymentPostprocessing = 0;
			shellPath = /bin/sh;
			shellScript = "diff \"${PODS_PODFILE_DIR_PATH}/Podfile.lock\" \"${PODS_ROOT}/Manifest.lock\" > /dev/null\nif [ $? != 0 ] ; then\n    # print error to STDERR\n    echo \"error: The sandbox is not in sync with the Podfile.lock. Run 'pod install' or update your CocoaPods installation.\" >&2\n    exit 1\nfi\n# This output is used by Xcode 'outputs' to avoid re-running this script phase.\necho \"SUCCESS\" > \"${SCRIPT_OUTPUT_FILE_0}\"\n";
			showEnvVarsInLog = 0;
		};
		F8A5688B95AC07A998E89945 /* [CP] Copy Pods Resources */ = {
			isa = PBXShellScriptBuildPhase;
			buildActionMask = 2147483647;
			files = (
			);
			inputFileListPaths = (
				"${PODS_ROOT}/Target Support Files/Pods-homeiz/Pods-homeiz-resources-${CONFIGURATION}-input-files.xcfilelist",
			);
			name = "[CP] Copy Pods Resources";
			outputFileListPaths = (
				"${PODS_ROOT}/Target Support Files/Pods-homeiz/Pods-homeiz-resources-${CONFIGURATION}-output-files.xcfilelist",
			);
			runOnlyForDeploymentPostprocessing = 0;
			shellPath = /bin/sh;
			shellScript = "\"${PODS_ROOT}/Target Support Files/Pods-homeiz/Pods-homeiz-resources.sh\"\n";
			showEnvVarsInLog = 0;
		};
		FAEB926DE34111AC48324063 /* [CP] Copy Pods Resources */ = {
			isa = PBXShellScriptBuildPhase;
			buildActionMask = 2147483647;
			files = (
			);
			inputFileListPaths = (
				"${PODS_ROOT}/Target Support Files/Pods-homeiz-homeizTests/Pods-homeiz-homeizTests-resources-${CONFIGURATION}-input-files.xcfilelist",
			);
			name = "[CP] Copy Pods Resources";
			outputFileListPaths = (
				"${PODS_ROOT}/Target Support Files/Pods-homeiz-homeizTests/Pods-homeiz-homeizTests-resources-${CONFIGURATION}-output-files.xcfilelist",
			);
			runOnlyForDeploymentPostprocessing = 0;
			shellPath = /bin/sh;
			shellScript = "\"${PODS_ROOT}/Target Support Files/Pods-homeiz-homeizTests/Pods-homeiz-homeizTests-resources.sh\"\n";
			showEnvVarsInLog = 0;
		};
		FD10A7F022414F080027D42C /* Start Packager */ = {
			isa = PBXShellScriptBuildPhase;
			buildActionMask = 2147483647;
			files = (
			);
			inputFileListPaths = (
			);
			inputPaths = (
			);
			name = "Start Packager";
			outputFileListPaths = (
			);
			outputPaths = (
			);
			runOnlyForDeploymentPostprocessing = 0;
			shellPath = /bin/sh;
			shellScript = "export RCT_METRO_PORT=\"${RCT_METRO_PORT:=8081}\"\necho \"export RCT_METRO_PORT=${RCT_METRO_PORT}\" > \"${SRCROOT}/../node_modules/react-native/scripts/.packager.env\"\nif [ -z \"${RCT_NO_LAUNCH_PACKAGER+xxx}\" ] ; then\n  if nc -w 5 -z localhost ${RCT_METRO_PORT} ; then\n    if ! curl -s \"http://localhost:${RCT_METRO_PORT}/status\" | grep -q \"packager-status:running\" ; then\n      echo \"Port ${RCT_METRO_PORT} already in use, packager is either not running or not running correctly\"\n      exit 2\n    fi\n  else\n    open \"$SRCROOT/../node_modules/react-native/scripts/launchPackager.command\" || echo \"Can't start packager automatically\"\n  fi\nfi\n";
			showEnvVarsInLog = 0;
		};
/* End PBXShellScriptBuildPhase section */

/* Begin PBXSourcesBuildPhase section */
		00E356EA1AD99517003FC87E /* Sources */ = {
			isa = PBXSourcesBuildPhase;
			buildActionMask = 2147483647;
			files = (
				00E356F31AD99517003FC87E /* homeizTests.m in Sources */,
			);
			runOnlyForDeploymentPostprocessing = 0;
		};
		13B07F871A680F5B00A75B9A /* Sources */ = {
			isa = PBXSourcesBuildPhase;
			buildActionMask = 2147483647;
			files = (
				13B07FBC1A68108700A75B9A /* AppDelegate.m in Sources */,
				13B07FC11A68108700A75B9A /* main.m in Sources */,
			);
			runOnlyForDeploymentPostprocessing = 0;
		};
/* End PBXSourcesBuildPhase section */

/* Begin PBXTargetDependency section */
		00E356F51AD99517003FC87E /* PBXTargetDependency */ = {
			isa = PBXTargetDependency;
			target = 13B07F861A680F5B00A75B9A /* homeiz */;
			targetProxy = 00E356F41AD99517003FC87E /* PBXContainerItemProxy */;
		};
/* End PBXTargetDependency section */

/* Begin XCBuildConfiguration section */
		00E356F61AD99517003FC87E /* Debug */ = {
			isa = XCBuildConfiguration;
			baseConfigurationReference = 316E26AE4BBB4D78F1B18529 /* Pods-homeiz-homeizTests.debug.xcconfig */;
			buildSettings = {
				BUNDLE_LOADER = "$(TEST_HOST)";
				GCC_PREPROCESSOR_DEFINITIONS = (
					"DEBUG=1",
					"$(inherited)",
				);
				INFOPLIST_FILE = homeizTests/Info.plist;
				IPHONEOS_DEPLOYMENT_TARGET = 11.0;
				LD_RUNPATH_SEARCH_PATHS = (
					"$(inherited)",
					"@executable_path/Frameworks",
					"@loader_path/Frameworks",
				);
				OTHER_LDFLAGS = (
					"-ObjC",
					"-lc++",
					"$(inherited)",
				);
				PRODUCT_BUNDLE_IDENTIFIER = "org.reactjs.native.example.$(PRODUCT_NAME:rfc1034identifier)";
				PRODUCT_NAME = "$(TARGET_NAME)";
				TEST_HOST = "$(BUILT_PRODUCTS_DIR)/homeiz.app/homeiz";
			};
			name = Debug;
		};
		00E356F71AD99517003FC87E /* Release */ = {
			isa = XCBuildConfiguration;
			baseConfigurationReference = 48CCC2825DD31068C157FF22 /* Pods-homeiz-homeizTests.release.xcconfig */;
			buildSettings = {
				BUNDLE_LOADER = "$(TEST_HOST)";
				COPY_PHASE_STRIP = NO;
				INFOPLIST_FILE = homeizTests/Info.plist;
				IPHONEOS_DEPLOYMENT_TARGET = 11.0;
				LD_RUNPATH_SEARCH_PATHS = (
					"$(inherited)",
					"@executable_path/Frameworks",
					"@loader_path/Frameworks",
				);
				OTHER_LDFLAGS = (
					"-ObjC",
					"-lc++",
					"$(inherited)",
				);
				PRODUCT_BUNDLE_IDENTIFIER = "org.reactjs.native.example.$(PRODUCT_NAME:rfc1034identifier)";
				PRODUCT_NAME = "$(TARGET_NAME)";
				TEST_HOST = "$(BUILT_PRODUCTS_DIR)/homeiz.app/homeiz";
			};
			name = Release;
		};
		13B07F941A680F5B00A75B9A /* Debug */ = {
			isa = XCBuildConfiguration;
			baseConfigurationReference = BEBC894450D3EC3B614FC1B9 /* Pods-homeiz.debug.xcconfig */;
			buildSettings = {
				ASSETCATALOG_COMPILER_APPICON_NAME = AppIcon;
				CLANG_ENABLE_MODULES = YES;
				CURRENT_PROJECT_VERSION = 1;
				ENABLE_BITCODE = NO;
				INFOPLIST_FILE = homeiz/Info.plist;
				LD_RUNPATH_SEARCH_PATHS = (
					"$(inherited)",
					"@executable_path/Frameworks",
				);
				OTHER_LDFLAGS = (
					"$(inherited)",
					"-ObjC",
					"-lc++",
				);
				PRODUCT_BUNDLE_IDENTIFIER = "org.reactjs.native.example.$(PRODUCT_NAME:rfc1034identifier)";
				PRODUCT_NAME = homeiz;
				SWIFT_OPTIMIZATION_LEVEL = "-Onone";
				SWIFT_VERSION = 5.0;
				VERSIONING_SYSTEM = "apple-generic";
			};
			name = Debug;
		};
		13B07F951A680F5B00A75B9A /* Release */ = {
			isa = XCBuildConfiguration;
			baseConfigurationReference = 839283AE065249BD831354F5 /* Pods-homeiz.release.xcconfig */;
			buildSettings = {
				ASSETCATALOG_COMPILER_APPICON_NAME = AppIcon;
				CLANG_ENABLE_MODULES = YES;
				CURRENT_PROJECT_VERSION = 1;
				INFOPLIST_FILE = homeiz/Info.plist;
				LD_RUNPATH_SEARCH_PATHS = (
					"$(inherited)",
					"@executable_path/Frameworks",
				);
				OTHER_LDFLAGS = (
					"$(inherited)",
					"-ObjC",
					"-lc++",
				);
				PRODUCT_BUNDLE_IDENTIFIER = "org.reactjs.native.example.$(PRODUCT_NAME:rfc1034identifier)";
				PRODUCT_NAME = homeiz;
				SWIFT_VERSION = 5.0;
				VERSIONING_SYSTEM = "apple-generic";
			};
			name = Release;
		};
		83CBBA201A601CBA00E9B192 /* Debug */ = {
			isa = XCBuildConfiguration;
			buildSettings = {
				ALWAYS_SEARCH_USER_PATHS = NO;
				CLANG_ANALYZER_LOCALIZABILITY_NONLOCALIZED = YES;
				CLANG_CXX_LANGUAGE_STANDARD = "gnu++0x";
				CLANG_CXX_LIBRARY = "libc++";
				CLANG_ENABLE_MODULES = YES;
				CLANG_ENABLE_OBJC_ARC = YES;
				CLANG_WARN_BLOCK_CAPTURE_AUTORELEASING = YES;
				CLANG_WARN_BOOL_CONVERSION = YES;
				CLANG_WARN_COMMA = YES;
				CLANG_WARN_CONSTANT_CONVERSION = YES;
				CLANG_WARN_DEPRECATED_OBJC_IMPLEMENTATIONS = YES;
				CLANG_WARN_DIRECT_OBJC_ISA_USAGE = YES_ERROR;
				CLANG_WARN_EMPTY_BODY = YES;
				CLANG_WARN_ENUM_CONVERSION = YES;
				CLANG_WARN_INFINITE_RECURSION = YES;
				CLANG_WARN_INT_CONVERSION = YES;
				CLANG_WARN_NON_LITERAL_NULL_CONVERSION = YES;
				CLANG_WARN_OBJC_IMPLICIT_RETAIN_SELF = YES;
				CLANG_WARN_OBJC_LITERAL_CONVERSION = YES;
				CLANG_WARN_OBJC_ROOT_CLASS = YES_ERROR;
				CLANG_WARN_QUOTED_INCLUDE_IN_FRAMEWORK_HEADER = YES;
				CLANG_WARN_RANGE_LOOP_ANALYSIS = YES;
				CLANG_WARN_STRICT_PROTOTYPES = YES;
				CLANG_WARN_SUSPICIOUS_MOVE = YES;
				CLANG_WARN_UNREACHABLE_CODE = YES;
				CLANG_WARN__DUPLICATE_METHOD_MATCH = YES;
				"CODE_SIGN_IDENTITY[sdk=iphoneos*]" = "iPhone Developer";
				COPY_PHASE_STRIP = NO;
				ENABLE_STRICT_OBJC_MSGSEND = YES;
				ENABLE_TESTABILITY = YES;
				"EXCLUDED_ARCHS[sdk=iphonesimulator*]" = "";
				GCC_C_LANGUAGE_STANDARD = gnu99;
				GCC_DYNAMIC_NO_PIC = NO;
				GCC_NO_COMMON_BLOCKS = YES;
				GCC_OPTIMIZATION_LEVEL = 0;
				GCC_PREPROCESSOR_DEFINITIONS = (
					"DEBUG=1",
					"$(inherited)",
				);
				GCC_SYMBOLS_PRIVATE_EXTERN = NO;
				GCC_WARN_64_TO_32_BIT_CONVERSION = YES;
				GCC_WARN_ABOUT_RETURN_TYPE = YES_ERROR;
				GCC_WARN_UNDECLARED_SELECTOR = YES;
				GCC_WARN_UNINITIALIZED_AUTOS = YES_AGGRESSIVE;
				GCC_WARN_UNUSED_FUNCTION = YES;
				GCC_WARN_UNUSED_VARIABLE = YES;
				IPHONEOS_DEPLOYMENT_TARGET = 11.0;
				LD_RUNPATH_SEARCH_PATHS = (
					/usr/lib/swift,
					"$(inherited)",
				);
				LIBRARY_SEARCH_PATHS = (
					"\"$(SDKROOT)/usr/lib/swift\"",
					"\"$(TOOLCHAIN_DIR)/usr/lib/swift/$(PLATFORM_NAME)\"",
					"\"$(inherited)\"",
				);
				MTL_ENABLE_DEBUG_INFO = YES;
				ONLY_ACTIVE_ARCH = YES;
				SDKROOT = iphoneos;
			};
			name = Debug;
		};
		83CBBA211A601CBA00E9B192 /* Release */ = {
			isa = XCBuildConfiguration;
			buildSettings = {
				ALWAYS_SEARCH_USER_PATHS = NO;
				CLANG_ANALYZER_LOCALIZABILITY_NONLOCALIZED = YES;
				CLANG_CXX_LANGUAGE_STANDARD = "gnu++0x";
				CLANG_CXX_LIBRARY = "libc++";
				CLANG_ENABLE_MODULES = YES;
				CLANG_ENABLE_OBJC_ARC = YES;
				CLANG_WARN_BLOCK_CAPTURE_AUTORELEASING = YES;
				CLANG_WARN_BOOL_CONVERSION = YES;
				CLANG_WARN_COMMA = YES;
				CLANG_WARN_CONSTANT_CONVERSION = YES;
				CLANG_WARN_DEPRECATED_OBJC_IMPLEMENTATIONS = YES;
				CLANG_WARN_DIRECT_OBJC_ISA_USAGE = YES_ERROR;
				CLANG_WARN_EMPTY_BODY = YES;
				CLANG_WARN_ENUM_CONVERSION = YES;
				CLANG_WARN_INFINITE_RECURSION = YES;
				CLANG_WARN_INT_CONVERSION = YES;
				CLANG_WARN_NON_LITERAL_NULL_CONVERSION = YES;
				CLANG_WARN_OBJC_IMPLICIT_RETAIN_SELF = YES;
				CLANG_WARN_OBJC_LITERAL_CONVERSION = YES;
				CLANG_WARN_OBJC_ROOT_CLASS = YES_ERROR;
				CLANG_WARN_QUOTED_INCLUDE_IN_FRAMEWORK_HEADER = YES;
				CLANG_WARN_RANGE_LOOP_ANALYSIS = YES;
				CLANG_WARN_STRICT_PROTOTYPES = YES;
				CLANG_WARN_SUSPICIOUS_MOVE = YES;
				CLANG_WARN_UNREACHABLE_CODE = YES;
				CLANG_WARN__DUPLICATE_METHOD_MATCH = YES;
				"CODE_SIGN_IDENTITY[sdk=iphoneos*]" = "iPhone Developer";
				COPY_PHASE_STRIP = YES;
				ENABLE_NS_ASSERTIONS = NO;
				ENABLE_STRICT_OBJC_MSGSEND = YES;
				"EXCLUDED_ARCHS[sdk=iphonesimulator*]" = "";
				GCC_C_LANGUAGE_STANDARD = gnu99;
				GCC_NO_COMMON_BLOCKS = YES;
				GCC_WARN_64_TO_32_BIT_CONVERSION = YES;
				GCC_WARN_ABOUT_RETURN_TYPE = YES_ERROR;
				GCC_WARN_UNDECLARED_SELECTOR = YES;
				GCC_WARN_UNINITIALIZED_AUTOS = YES_AGGRESSIVE;
				GCC_WARN_UNUSED_FUNCTION = YES;
				GCC_WARN_UNUSED_VARIABLE = YES;
				IPHONEOS_DEPLOYMENT_TARGET = 11.0;
				LD_RUNPATH_SEARCH_PATHS = (
					/usr/lib/swift,
					"$(inherited)",
				);
				LIBRARY_SEARCH_PATHS = (
					"\"$(SDKROOT)/usr/lib/swift\"",
					"\"$(TOOLCHAIN_DIR)/usr/lib/swift/$(PLATFORM_NAME)\"",
					"\"$(inherited)\"",
				);
				MTL_ENABLE_DEBUG_INFO = NO;
				SDKROOT = iphoneos;
				VALIDATE_PRODUCT = YES;
			};
			name = Release;
		};
/* End XCBuildConfiguration section */

/* Begin XCConfigurationList section */
		00E357021AD99517003FC87E /* Build configuration list for PBXNativeTarget "homeizTests" */ = {
			isa = XCConfigurationList;
			buildConfigurations = (
				00E356F61AD99517003FC87E /* Debug */,
				00E356F71AD99517003FC87E /* Release */,
			);
			defaultConfigurationIsVisible = 0;
			defaultConfigurationName = Release;
		};
		13B07F931A680F5B00A75B9A /* Build configuration list for PBXNativeTarget "homeiz" */ = {
			isa = XCConfigurationList;
			buildConfigurations = (
				13B07F941A680F5B00A75B9A /* Debug */,
				13B07F951A680F5B00A75B9A /* Release */,
			);
			defaultConfigurationIsVisible = 0;
			defaultConfigurationName = Release;
		};
		83CBB9FA1A601CBA00E9B192 /* Build configuration list for PBXProject "homeiz" */ = {
			isa = XCConfigurationList;
			buildConfigurations = (
				83CBBA201A601CBA00E9B192 /* Debug */,
				83CBBA211A601CBA00E9B192 /* Release */,
			);
			defaultConfigurationIsVisible = 0;
			defaultConfigurationName = Release;
		};
/* End XCConfigurationList section */
	};
	rootObject = 83CBB9F71A601CBA00E9B192 /* Project object */;
}
